<?xml version="1.0" encoding="utf-8"?>
<Project ToolsVersion="4.0" xmlns="http://schemas.microsoft.com/developer/msbuild/2003">
  <ItemGroup>
    <Filter Include="Source Files">
      <UniqueIdentifier>{4FC737F1-C7A5-4376-A066-2A32D752A2FF}</UniqueIdentifier>
      <Extensions>cpp;c;cc;cxx;def;odl;idl;hpj;bat;asm;asmx</Extensions>
    </Filter>
    <Filter Include="Header Files">
      <UniqueIdentifier>{93995380-89BD-4b04-88EB-625FBE52EBFB}</UniqueIdentifier>
      <Extensions>h;hpp;hxx;hm;inl;inc;xsd</Extensions>
    </Filter>
    <Filter Include="Resource Files">
      <UniqueIdentifier>{67DA6AB6-F800-4c08-8B7A-83BB121AAD01}</UniqueIdentifier>
      <Extensions>rc;ico;cur;bmp;dlg;rc2;rct;bin;rgs;gif;jpg;jpeg;jpe;resx;tiff;tif;png;wav;mfcribbon-ms</Extensions>
    </Filter>
    <Filter Include="Header Files\mvp">
      <UniqueIdentifier>{8a33df77-d055-49e7-9e7d-834ecbfff17c}</UniqueIdentifier>
    </Filter>
    <Filter Include="Header Files\services">
      <UniqueIdentifier>{df2e8cee-e6b3-4a8e-8a33-742e92917032}</UniqueIdentifier>
    </Filter>
    <Filter Include="Resource Files\icons">
      <UniqueIdentifier>{abd0e6f5-017e-45c3-8e04-4e9b3595e96f}</UniqueIdentifier>
    </Filter>
  </ItemGroup>
  <ItemGroup>
    <None Include="readme.txt" />
    <None Include="BondForm.ui">
      <Filter>Resource Files</Filter>
    </None>
    <None Include="BondComputationResultForm.ui">
      <Filter>Resource Files</Filter>
    </None>
    <None Include="openFile.png">
      <Filter>Resource Files\icons</Filter>
    </None>
  </ItemGroup>
  <ItemGroup>
    <ClInclude Include="mvp\View.h">
      <Filter>Header Files\mvp</Filter>
    </ClInclude>
    <ClInclude Include="mvp\Presenter.h">
      <Filter>Header Files\mvp</Filter>
    </ClInclude>
    <ClInclude Include="MyApplicationPresenter.h">
      <Filter>Header Files</Filter>
    </ClInclude>
    <ClInclude Include="MyCanvasPresenter.h">
      <Filter>Header Files</Filter>
    </ClInclude>
    <ClInclude Include="MyCanvasView.h">
      <Filter>Header Files</Filter>
    </ClInclude>
    <ClInclude Include="utils.h">
      <Filter>Header Files</Filter>
    </ClInclude>
    <ClInclude Include="BondForm.h">
      <Filter>Header Files</Filter>
    </ClInclude>
    <ClInclude Include="BondTableModel.h">
      <Filter>Header Files</Filter>
    </ClInclude>
    <ClInclude Include="BondView.h">
      <Filter>Header Files</Filter>
    </ClInclude>
    <ClInclude Include="CanvasWidget.h">
      <Filter>Header Files</Filter>
    </ClInclude>
    <ClInclude Include="Event.h">
      <Filter>Header Files</Filter>
    </ClInclude>
    <ClInclude Include="MyApplication.h">
      <Filter>Header Files</Filter>
    </ClInclude>
    <ClInclude Include="services\BondPricerService.h">
      <Filter>Header Files\services</Filter>
    </ClInclude>
    <ClInclude Include="StatusBarView.h">
      <Filter>Header Files</Filter>
    </ClInclude>
    <ClInclude Include="StatusBarPresenter.h">
      <Filter>Header Files</Filter>
    </ClInclude>
    <ClInclude Include="ToolBarView.h">
      <Filter>Header Files</Filter>
    </ClInclude>
  </ItemGroup>
  <ItemGroup>
    <ClCompile Include="MyCanvasView.cpp">
      <Filter>Source Files</Filter>
    </ClCompile>
    <ClCompile Include="BondTableModel.cpp">
      <Filter>Source Files</Filter>
    </ClCompile>
    <ClCompile Include="BondView.cpp">
      <Filter>Source Files</Filter>
    </ClCompile>
    <ClCompile Include="CanvasWidget.cpp">
      <Filter>Source Files</Filter>
    </ClCompile>
    <ClCompile Include="main.cpp">
      <Filter>Source Files</Filter>
    </ClCompile>
    <ClCompile Include="MyApplication.cpp">
      <Filter>Source Files</Filter>
    </ClCompile>
    <ClCompile Include="MyApplicationPresenter.cpp">
      <Filter>Source Files</Filter>
    </ClCompile>
    <ClCompile Include="MyCanvasPresenter.cpp">
      <Filter>Source Files</Filter>
    </ClCompile>
    <ClCompile Include="StatusBarView.cpp">
      <Filter>Source Files</Filter>
    </ClCompile>
    <ClCompile Include="StatusBarPresenter.cpp">
      <Filter>Source Files</Filter>
    </ClCompile>
    <ClCompile Include="ToolBarView.cpp">
      <Filter>Source Files</Filter>
    </ClCompile>
  </ItemGroup>
</Project>